{
  "requires": true,
  "lockfileVersion": 1,
  "dependencies": {
    "@aws-cdk/assets": {
      "version": "1.62.0",
      "resolved": "https://registry.npmjs.org/@aws-cdk/assets/-/assets-1.62.0.tgz",
      "integrity": "sha512-fmoYSj2klwHOPK9SgSCfLrEUG7uvfi/ZHYNPdM5zxomlS1xrmzR1DPwI97gotri7fbdEWrzDdfu2/wd4oLHBIA==",
      "requires": {
        "@aws-cdk/core": "1.62.0",
        "@aws-cdk/cx-api": "1.62.0",
        "constructs": "^3.0.4"
      }
    },
    "@aws-cdk/aws-applicationautoscaling": {
      "version": "1.62.0",
      "resolved": "https://registry.npmjs.org/@aws-cdk/aws-applicationautoscaling/-/aws-applicationautoscaling-1.62.0.tgz",
      "integrity": "sha512-ZMPEujyN2jhbGCr84RvTDXhFWX8safD1PLhRn0XpZ/WDYpZXP8HXsvnHQ/Xh8QBirlE1gY/5OMU+uJFpo0o0HA==",
      "requires": {
        "@aws-cdk/aws-autoscaling-common": "1.62.0",
        "@aws-cdk/aws-cloudwatch": "1.62.0",
        "@aws-cdk/aws-iam": "1.62.0",
        "@aws-cdk/core": "1.62.0",
        "constructs": "^3.0.4"
      }
    },
    "@aws-cdk/aws-autoscaling-common": {
      "version": "1.62.0",
      "resolved": "https://registry.npmjs.org/@aws-cdk/aws-autoscaling-common/-/aws-autoscaling-common-1.62.0.tgz",
      "integrity": "sha512-m2E8bSnwBo2dE6NUowt90jB4zmeDHAxWB3y2RRAg4dWx1GhMGHWG1hfr99FrDldRCDd8Ib1++QkT/TQRC35TqQ==",
      "requires": {
        "@aws-cdk/aws-iam": "1.62.0",
        "@aws-cdk/core": "1.62.0",
        "constructs": "^3.0.4"
      }
    },
    "@aws-cdk/aws-cloudwatch": {
      "version": "1.62.0",
      "resolved": "https://registry.npmjs.org/@aws-cdk/aws-cloudwatch/-/aws-cloudwatch-1.62.0.tgz",
      "integrity": "sha512-WPbYY/WhW/qTQ92vtxIZcbjh8lsrWg8gWilh1JmvwHJmGEcQRFH6T+w9q8DEeeVRknZM0ziXy1/yBpW+FGRGZQ==",
      "requires": {
        "@aws-cdk/aws-iam": "1.62.0",
        "@aws-cdk/core": "1.62.0",
        "constructs": "^3.0.4"
      }
    },
    "@aws-cdk/aws-codeguruprofiler": {
      "version": "1.62.0",
      "resolved": "https://registry.npmjs.org/@aws-cdk/aws-codeguruprofiler/-/aws-codeguruprofiler-1.62.0.tgz",
      "integrity": "sha512-uqYgn/88wcTgzULEBrLru68vM1zsESwPojmQTVa+Q6zlBO4drgpQ0orrHkrzICLGq0N41NP3zJ3pz8PoJjKJPw==",
      "requires": {
        "@aws-cdk/aws-iam": "1.62.0",
        "@aws-cdk/core": "1.62.0"
      }
    },
    "@aws-cdk/aws-ec2": {
      "version": "1.62.0",
      "resolved": "https://registry.npmjs.org/@aws-cdk/aws-ec2/-/aws-ec2-1.62.0.tgz",
      "integrity": "sha512-dvuvakcld6ksvOeOcMdDsPsI45HbGaXmL5h4CF8HZ0wfTtlY4zot9mHB0mEfzEEeyMaLI6+2gm5raefVser1Sg==",
      "requires": {
        "@aws-cdk/aws-cloudwatch": "1.62.0",
        "@aws-cdk/aws-iam": "1.62.0",
        "@aws-cdk/aws-kms": "1.62.0",
        "@aws-cdk/aws-logs": "1.62.0",
        "@aws-cdk/aws-s3": "1.62.0",
        "@aws-cdk/aws-s3-assets": "1.62.0",
        "@aws-cdk/aws-ssm": "1.62.0",
        "@aws-cdk/cloud-assembly-schema": "1.62.0",
        "@aws-cdk/core": "1.62.0",
        "@aws-cdk/cx-api": "1.62.0",
        "@aws-cdk/region-info": "1.62.0",
        "constructs": "^3.0.4"
      }
    },
    "@aws-cdk/aws-efs": {
      "version": "1.62.0",
      "resolved": "https://registry.npmjs.org/@aws-cdk/aws-efs/-/aws-efs-1.62.0.tgz",
      "integrity": "sha512-ifF71MfhP07+8LAkZrr0+N1DOIiZkDgovC/2H6W9LwiPhzWNS5cVTwGlRe86b+8siqdPK6e3XJOB8x9scLryog==",
      "requires": {
        "@aws-cdk/aws-ec2": "1.62.0",
        "@aws-cdk/aws-kms": "1.62.0",
        "@aws-cdk/cloud-assembly-schema": "1.62.0",
        "@aws-cdk/core": "1.62.0",
        "@aws-cdk/cx-api": "1.62.0",
        "constructs": "^3.0.4"
      }
    },
    "@aws-cdk/aws-events": {
      "version": "1.62.0",
      "resolved": "https://registry.npmjs.org/@aws-cdk/aws-events/-/aws-events-1.62.0.tgz",
      "integrity": "sha512-Q6dS9EoaG8GoABMNpAtTms9hayAArpHsEdpf1S5o6eo6EHjF+/vBVVcRrHXlQoVNc6iInutSJ4Jy7W1/AXBnkA==",
      "requires": {
        "@aws-cdk/aws-iam": "1.62.0",
        "@aws-cdk/core": "1.62.0",
        "constructs": "^3.0.4"
      }
    },
    "@aws-cdk/aws-greengrass": {
      "version": "1.62.0",
      "resolved": "https://registry.npmjs.org/@aws-cdk/aws-greengrass/-/aws-greengrass-1.62.0.tgz",
      "integrity": "sha512-xutNzoxiH/+VMcqJ0asKWny1xTj6hjkTseGTBdO1KCAbS1D2NmVXhUA/q5EmbzOnI5bj6/9FJUDJjtyxqj+ayw==",
      "requires": {
        "@aws-cdk/core": "1.62.0",
        "constructs": "^3.0.4"
      }
    },
    "@aws-cdk/aws-iam": {
      "version": "1.62.0",
      "resolved": "https://registry.npmjs.org/@aws-cdk/aws-iam/-/aws-iam-1.62.0.tgz",
      "integrity": "sha512-VsCy7MVsv0hqqJYOKYZp7mgiQK9YAfc9zpF2HwgHf70blH3wK2hUnmTXu6eBjIklKcFakkWQOGvb3+kAapb/mA==",
      "requires": {
        "@aws-cdk/core": "1.62.0",
        "@aws-cdk/region-info": "1.62.0",
        "constructs": "^3.0.4"
      }
    },
    "@aws-cdk/aws-iot": {
      "version": "1.62.0",
      "resolved": "https://registry.npmjs.org/@aws-cdk/aws-iot/-/aws-iot-1.62.0.tgz",
      "integrity": "sha512-P4UX5B58I5bfu8oeN1SeHUZrCgYm2wfsKjLkhf+RlCGT/tfSmhACEiP5AdgQaEYqz9Su9Xh0Mp9fA1uBqg1PXA==",
      "requires": {
        "@aws-cdk/core": "1.62.0",
        "constructs": "^3.0.4"
      }
    },
    "@aws-cdk/aws-kms": {
      "version": "1.62.0",
      "resolved": "https://registry.npmjs.org/@aws-cdk/aws-kms/-/aws-kms-1.62.0.tgz",
      "integrity": "sha512-LGEz4AbRMzFBn7Bua6OYmi3FT0O4Nqhm+a8erJJH3nDvjDCg2tkUEyFDgpswDQVZ5lhsbRRc3qt5+1U8HV82zw==",
      "requires": {
        "@aws-cdk/aws-iam": "1.62.0",
        "@aws-cdk/core": "1.62.0",
        "constructs": "^3.0.4"
      }
    },
    "@aws-cdk/aws-lambda": {
      "version": "1.62.0",
      "resolved": "https://registry.npmjs.org/@aws-cdk/aws-lambda/-/aws-lambda-1.62.0.tgz",
      "integrity": "sha512-zPaggXhMX1+HBiVsF3jWMvlZ0OL/E0TOsETn0poOcn4on9NOEJz0CRMo4QrzjB8q2XyIWb4Hn0fDrrVAAxawcw==",
      "requires": {
        "@aws-cdk/aws-applicationautoscaling": "1.62.0",
        "@aws-cdk/aws-cloudwatch": "1.62.0",
        "@aws-cdk/aws-codeguruprofiler": "1.62.0",
        "@aws-cdk/aws-ec2": "1.62.0",
        "@aws-cdk/aws-efs": "1.62.0",
        "@aws-cdk/aws-events": "1.62.0",
        "@aws-cdk/aws-iam": "1.62.0",
        "@aws-cdk/aws-logs": "1.62.0",
        "@aws-cdk/aws-s3": "1.62.0",
        "@aws-cdk/aws-s3-assets": "1.62.0",
        "@aws-cdk/aws-sqs": "1.62.0",
        "@aws-cdk/core": "1.62.0",
        "@aws-cdk/cx-api": "1.62.0",
        "constructs": "^3.0.4"
      }
    },
    "@aws-cdk/aws-logs": {
      "version": "1.62.0",
      "resolved": "https://registry.npmjs.org/@aws-cdk/aws-logs/-/aws-logs-1.62.0.tgz",
      "integrity": "sha512-s2nXP3SELiWmZ3IrvaEYFQauYqeSwmD3ZW2tC1q3h9qABBG/oAdKYhDGiNy9wZi5x/bfNudF/kQxv9NlsQm3Ig==",
      "requires": {
        "@aws-cdk/aws-cloudwatch": "1.62.0",
        "@aws-cdk/aws-iam": "1.62.0",
        "@aws-cdk/aws-s3-assets": "1.62.0",
        "@aws-cdk/core": "1.62.0",
        "constructs": "^3.0.4"
      }
    },
    "@aws-cdk/aws-s3": {
      "version": "1.62.0",
      "resolved": "https://registry.npmjs.org/@aws-cdk/aws-s3/-/aws-s3-1.62.0.tgz",
      "integrity": "sha512-yxBERTR8UPJUN7F/coUwjJH7S2I6V7bqxaIo4nPk0qrTFO4QohVkligFlmcfVWPBAYga5+0dJT0MoFiNDYBX+g==",
      "requires": {
        "@aws-cdk/aws-events": "1.62.0",
        "@aws-cdk/aws-iam": "1.62.0",
        "@aws-cdk/aws-kms": "1.62.0",
        "@aws-cdk/core": "1.62.0",
        "constructs": "^3.0.4"
      }
    },
    "@aws-cdk/aws-s3-assets": {
      "version": "1.62.0",
      "resolved": "https://registry.npmjs.org/@aws-cdk/aws-s3-assets/-/aws-s3-assets-1.62.0.tgz",
      "integrity": "sha512-XW+zzLOVFzs+a99IoERoMHT+1U6BmP8pkI8k1qFmiwQKQipWsswZLNBSzedp6GpaM4dELiZ7bxykHbAIAChgWQ==",
      "requires": {
        "@aws-cdk/assets": "1.62.0",
        "@aws-cdk/aws-iam": "1.62.0",
        "@aws-cdk/aws-kms": "1.62.0",
        "@aws-cdk/aws-s3": "1.62.0",
        "@aws-cdk/core": "1.62.0",
        "@aws-cdk/cx-api": "1.62.0",
        "constructs": "^3.0.4"
      }
    },
    "@aws-cdk/aws-sqs": {
      "version": "1.62.0",
      "resolved": "https://registry.npmjs.org/@aws-cdk/aws-sqs/-/aws-sqs-1.62.0.tgz",
      "integrity": "sha512-AJgiLUFtCJLBGRQvAfdAWwEiMhDr7pN7TOGqYnp+Eq2ZCvVH3Ot2hLPTBFv885E8UhieA8OEnEjiz3kwuSC7DQ==",
      "requires": {
        "@aws-cdk/aws-cloudwatch": "1.62.0",
        "@aws-cdk/aws-iam": "1.62.0",
        "@aws-cdk/aws-kms": "1.62.0",
        "@aws-cdk/core": "1.62.0",
        "constructs": "^3.0.4"
      }
    },
    "@aws-cdk/aws-ssm": {
      "version": "1.62.0",
      "resolved": "https://registry.npmjs.org/@aws-cdk/aws-ssm/-/aws-ssm-1.62.0.tgz",
      "integrity": "sha512-CU0E2C7h9QLW32LkFIeDD4+LRuAZA8U5Pi1lgC2S95dP3o+IGUdee//IEoLr8l//EjDWwYS1mhC4ambDLQxmeQ==",
      "requires": {
        "@aws-cdk/aws-iam": "1.62.0",
        "@aws-cdk/aws-kms": "1.62.0",
        "@aws-cdk/cloud-assembly-schema": "1.62.0",
        "@aws-cdk/core": "1.62.0",
        "constructs": "^3.0.4"
      }
    },
    "@aws-cdk/cloud-assembly-schema": {
      "version": "1.62.0",
      "resolved": "https://registry.npmjs.org/@aws-cdk/cloud-assembly-schema/-/cloud-assembly-schema-1.62.0.tgz",
      "integrity": "sha512-bEXUKIlRxn7be7R4kJ/4G/orI6YNuDeXZ9znIKiUT/xxeiT0Pg96XNsQW6dHTusgkullCTuiYP/EDiaic+8T0A==",
      "requires": {
        "jsonschema": "^1.2.5",
        "semver": "^7.2.2"
      },
      "dependencies": {
        "jsonschema": {
          "version": "1.2.6",
          "bundled": true
        },
        "semver": {
          "version": "7.3.2",
          "bundled": true
        }
      }
    },
    "@aws-cdk/core": {
      "version": "1.62.0",
      "resolved": "https://registry.npmjs.org/@aws-cdk/core/-/core-1.62.0.tgz",
      "integrity": "sha512-TSFSiWLhfxs3lC1YmVL/PjXoWqhh2y2hMDO+2HQXn1dxLj9iwywxUGakewCuW2xsIQkJ+t+IKcjlgrUeUnEMTg==",
      "requires": {
        "@aws-cdk/cloud-assembly-schema": "1.62.0",
        "@aws-cdk/cx-api": "1.62.0",
        "constructs": "^3.0.4",
        "fs-extra": "^9.0.1",
        "minimatch": "^3.0.4"
      },
      "dependencies": {
        "at-least-node": {
          "version": "1.0.0",
          "bundled": true
        },
        "balanced-match": {
          "version": "1.0.0",
          "bundled": true
        },
        "brace-expansion": {
          "version": "1.1.11",
          "bundled": true,
          "requires": {
            "balanced-match": "^1.0.0",
            "concat-map": "0.0.1"
          }
        },
        "concat-map": {
          "version": "0.0.1",
          "bundled": true
        },
        "fs-extra": {
          "version": "9.0.1",
          "bundled": true,
          "requires": {
            "at-least-node": "^1.0.0",
            "graceful-fs": "^4.2.0",
            "jsonfile": "^6.0.1",
            "universalify": "^1.0.0"
          }
        },
        "graceful-fs": {
          "version": "4.2.4",
          "bundled": true
        },
        "jsonfile": {
          "version": "6.0.1",
          "bundled": true,
          "requires": {
            "graceful-fs": "^4.1.6",
            "universalify": "^1.0.0"
          }
        },
        "minimatch": {
          "version": "3.0.4",
          "bundled": true,
          "requires": {
            "brace-expansion": "^1.1.7"
          }
        },
        "universalify": {
          "version": "1.0.0",
          "bundled": true
        }
      }
    },
    "@aws-cdk/cx-api": {
      "version": "1.62.0",
      "resolved": "https://registry.npmjs.org/@aws-cdk/cx-api/-/cx-api-1.62.0.tgz",
      "integrity": "sha512-qyT/TnbO14z14mDly1jgeuFtVRYHwId5ZDJIsGOCsJJNXU9QpaElB9uD+qS1vB6Y/VI6KJTogBh45KW337BaEg==",
      "requires": {
        "@aws-cdk/cloud-assembly-schema": "1.62.0",
        "semver": "^7.2.2"
      },
      "dependencies": {
        "semver": {
          "version": "7.3.2",
          "bundled": true
        }
      }
    },
    "@aws-cdk/region-info": {
      "version": "1.62.0",
      "resolved": "https://registry.npmjs.org/@aws-cdk/region-info/-/region-info-1.62.0.tgz",
      "integrity": "sha512-2vfbtgXax5f/LKe+C5SJ/qYizgnSJOorCULxbJVn27SJYgn3fVL0aRc/afYzYq558qhvxlhVWQYagKa2T1AMDg=="
    },
    "constructs": {
      "version": "3.0.4",
      "resolved": "https://registry.npmjs.org/constructs/-/constructs-3.0.4.tgz",
      "integrity": "sha512-CDvg7gMjphE3DFX4pzkF6j73NREbR8npPFW8Mx/CLRnMR035+Y1o1HrXIsNSss/dq3ZUnNTU9jKyd3fL9EOlfw=="
    },
    "greengrass-cdk": {
      "version": "git+https://github.com/massi-ang/greengrass-cdk.git#f68a0733532d6aba61e103c5b3c9a1bf39de1c40",
      "from": "git+https://github.com/massi-ang/greengrass-cdk.git",
      "requires": {
        "@aws-cdk/aws-greengrass": "1.62.0",
        "@aws-cdk/aws-iam": "1.62.0",
        "@aws-cdk/aws-iot": "1.62.0",
        "@aws-cdk/aws-lambda": "1.62.0",
        "@aws-cdk/core": "1.62.0",
        "constructs": "^3.0.4"
      }
    }
  }
}
